
Microsoft Visual Studio Solution File, Format Version 12.00
# Visual Studio Version 17
VisualStudioVersion = 17.2.32630.192
MinimumVisualStudioVersion = 10.0.40219.1
Project("{FAE04EC0-301F-11D3-BF4B-00C04F79EFBC}") = "StringExtentions", "StringExtentions\StringExtentions.csproj", "{2BA2DE87-65B5-4F58-813F-2C838236AD79}"
EndProject
Global
	GlobalSection(SolutionConfigurationPlatforms) = preSolution
		Debug|Any CPU = Debug|Any CPU
		Release|Any CPU = Release|Any CPU
	EndGlobalSection
	GlobalSection(ProjectConfigurationPlatforms) = postSolution
		{2BA2DE87-65B5-4F58-813F-2C838236AD79}.Debug|Any CPU.ActiveCfg = Debug|Any CPU
		{2BA2DE87-65B5-4F58-813F-2C838236AD79}.Debug|Any CPU.Build.0 = Debug|Any CPU
		{2BA2DE87-65B5-4F58-813F-2C838236AD79}.Release|Any CPU.ActiveCfg = Release|Any CPU
		{2BA2DE87-65B5-4F58-813F-2C838236AD79}.Release|Any CPU.Build.0 = Release|Any CPU
	EndGlobalSection
	GlobalSection(SolutionProperties) = preSolution
		HideSolutionNode = FALSE
	EndGlobalSection
	GlobalSection(ExtensibilityGlobals) = postSolution
		SolutionGuid = {CD67A1B0-6E20-430C-BD08-46005E64851B}
	EndGlobalSection
EndGlobal
